// !$*UTF8*$!
{
	archiveVersion = 1;
	classes = {
	};
	objectVersion = 46;
	objects = {

/* Begin PBXBuildFile section */
		6CD88F311C08F61F001489C6 /* HistogramHelper.cpp in Sources */ = {isa = PBXBuildFile; fileRef = 6CD88F2F1C08F61F001489C6 /* HistogramHelper.cpp */; };
		916406241C04940F0034A09C /* Galif.cpp in Sources */ = {isa = PBXBuildFile; fileRef = 916406221C04940F0034A09C /* Galif.cpp */; };
		91C99E441C079DB00075016B /* Histogram.cpp in Sources */ = {isa = PBXBuildFile; fileRef = 91C99E421C079DB00075016B /* Histogram.cpp */; };
		91FBD7C41BFB7DA600F41EBE /* main.cpp in Sources */ = {isa = PBXBuildFile; fileRef = 6C18F7FD1BEA5F08001CDC35 /* main.cpp */; };
		91FBD7C91BFB7EC100F41EBE /* GLUT.framework in Frameworks */ = {isa = PBXBuildFile; fileRef = 91FBD7C71BFB7EC100F41EBE /* GLUT.framework */; };
		91FBD7CA1BFB7EC100F41EBE /* OpenGL.framework in Frameworks */ = {isa = PBXBuildFile; fileRef = 91FBD7C81BFB7EC100F41EBE /* OpenGL.framework */; };
		91FBD7CD1BFB8F8700F41EBE /* DistributedViews.cpp in Sources */ = {isa = PBXBuildFile; fileRef = 91FBD7CB1BFB8F8700F41EBE /* DistributedViews.cpp */; };
		91FBD7D01BFCBEC700F41EBE /* Point3.cpp in Sources */ = {isa = PBXBuildFile; fileRef = 91FBD7CE1BFCBEC700F41EBE /* Point3.cpp */; };
		91FBD7D31BFCDDEB00F41EBE /* CannyFilter.cpp in Sources */ = {isa = PBXBuildFile; fileRef = 91FBD7D11BFCDDEB00F41EBE /* CannyFilter.cpp */; };
/* End PBXBuildFile section */

/* Begin PBXCopyFilesBuildPhase section */
		6C18F7F81BEA5F08001CDC35 /* CopyFiles */ = {
			isa = PBXCopyFilesBuildPhase;
			buildActionMask = 2147483647;
			dstPath = /usr/share/man/man1/;
			dstSubfolderSpec = 0;
			files = (
			);
			runOnlyForDeploymentPostprocessing = 1;
		};
/* End PBXCopyFilesBuildPhase section */

/* Begin PBXFileReference section */
		6C18F7FA1BEA5F08001CDC35 /* inf555 */ = {isa = PBXFileReference; explicitFileType = "compiled.mach-o.executable"; includeInIndex = 0; path = inf555; sourceTree = BUILT_PRODUCTS_DIR; };
		6C18F7FD1BEA5F08001CDC35 /* main.cpp */ = {isa = PBXFileReference; lastKnownFileType = sourcecode.cpp.cpp; path = main.cpp; sourceTree = "<group>"; };
		6CD88F2F1C08F61F001489C6 /* HistogramHelper.cpp */ = {isa = PBXFileReference; fileEncoding = 4; lastKnownFileType = sourcecode.cpp.cpp; path = HistogramHelper.cpp; sourceTree = "<group>"; };
		6CD88F301C08F61F001489C6 /* HistogramHelper.hpp */ = {isa = PBXFileReference; fileEncoding = 4; lastKnownFileType = sourcecode.cpp.h; path = HistogramHelper.hpp; sourceTree = "<group>"; };
		916406221C04940F0034A09C /* Galif.cpp */ = {isa = PBXFileReference; fileEncoding = 4; lastKnownFileType = sourcecode.cpp.cpp; path = Galif.cpp; sourceTree = "<group>"; };
		916406231C04940F0034A09C /* Galif.hpp */ = {isa = PBXFileReference; fileEncoding = 4; lastKnownFileType = sourcecode.cpp.h; path = Galif.hpp; sourceTree = "<group>"; };
		91C99E421C079DB00075016B /* Histogram.cpp */ = {isa = PBXFileReference; fileEncoding = 4; lastKnownFileType = sourcecode.cpp.cpp; path = Histogram.cpp; sourceTree = "<group>"; };
		91C99E431C079DB00075016B /* Histogram.hpp */ = {isa = PBXFileReference; fileEncoding = 4; lastKnownFileType = sourcecode.cpp.h; path = Histogram.hpp; sourceTree = "<group>"; };
		91FBD7C71BFB7EC100F41EBE /* GLUT.framework */ = {isa = PBXFileReference; lastKnownFileType = wrapper.framework; name = GLUT.framework; path = System/Library/Frameworks/GLUT.framework; sourceTree = SDKROOT; };
		91FBD7C81BFB7EC100F41EBE /* OpenGL.framework */ = {isa = PBXFileReference; lastKnownFileType = wrapper.framework; name = OpenGL.framework; path = System/Library/Frameworks/OpenGL.framework; sourceTree = SDKROOT; };
		91FBD7CB1BFB8F8700F41EBE /* DistributedViews.cpp */ = {isa = PBXFileReference; fileEncoding = 4; lastKnownFileType = sourcecode.cpp.cpp; path = DistributedViews.cpp; sourceTree = "<group>"; };
		91FBD7CC1BFB8F8700F41EBE /* DistributedViews.hpp */ = {isa = PBXFileReference; fileEncoding = 4; lastKnownFileType = sourcecode.cpp.h; path = DistributedViews.hpp; sourceTree = "<group>"; };
		91FBD7CE1BFCBEC700F41EBE /* Point3.cpp */ = {isa = PBXFileReference; fileEncoding = 4; lastKnownFileType = sourcecode.cpp.cpp; path = Point3.cpp; sourceTree = "<group>"; };
		91FBD7CF1BFCBEC700F41EBE /* Point3.hpp */ = {isa = PBXFileReference; fileEncoding = 4; lastKnownFileType = sourcecode.cpp.h; path = Point3.hpp; sourceTree = "<group>"; };
		91FBD7D11BFCDDEB00F41EBE /* CannyFilter.cpp */ = {isa = PBXFileReference; fileEncoding = 4; lastKnownFileType = sourcecode.cpp.cpp; path = CannyFilter.cpp; sourceTree = "<group>"; };
		91FBD7D21BFCDDEB00F41EBE /* CannyFilter.hpp */ = {isa = PBXFileReference; fileEncoding = 4; lastKnownFileType = sourcecode.cpp.h; path = CannyFilter.hpp; sourceTree = "<group>"; };
/* End PBXFileReference section */

/* Begin PBXFrameworksBuildPhase section */
		6C18F7F71BEA5F08001CDC35 /* Frameworks */ = {
			isa = PBXFrameworksBuildPhase;
			buildActionMask = 2147483647;
			files = (
				91FBD7C91BFB7EC100F41EBE /* GLUT.framework in Frameworks */,
				91FBD7CA1BFB7EC100F41EBE /* OpenGL.framework in Frameworks */,
			);
			runOnlyForDeploymentPostprocessing = 0;
		};
/* End PBXFrameworksBuildPhase section */

/* Begin PBXGroup section */
		6C18F7F11BEA5F08001CDC35 = {
			isa = PBXGroup;
			children = (
				91FBD7C71BFB7EC100F41EBE /* GLUT.framework */,
				91FBD7C81BFB7EC100F41EBE /* OpenGL.framework */,
				6C18F7FC1BEA5F08001CDC35 /* inf555 */,
				6C18F7FB1BEA5F08001CDC35 /* Products */,
			);
			sourceTree = "<group>";
		};
		6C18F7FB1BEA5F08001CDC35 /* Products */ = {
			isa = PBXGroup;
			children = (
				6C18F7FA1BEA5F08001CDC35 /* inf555 */,
			);
			name = Products;
			sourceTree = "<group>";
		};
		6C18F7FC1BEA5F08001CDC35 /* inf555 */ = {
			isa = PBXGroup;
			children = (
				6C18F7FD1BEA5F08001CDC35 /* main.cpp */,
				91C99E421C079DB00075016B /* Histogram.cpp */,
				91C99E431C079DB00075016B /* Histogram.hpp */,
				6CD88F2F1C08F61F001489C6 /* HistogramHelper.cpp */,
				6CD88F301C08F61F001489C6 /* HistogramHelper.hpp */,
				91FBD7CB1BFB8F8700F41EBE /* DistributedViews.cpp */,
				91FBD7CC1BFB8F8700F41EBE /* DistributedViews.hpp */,
				91FBD7CE1BFCBEC700F41EBE /* Point3.cpp */,
				91FBD7CF1BFCBEC700F41EBE /* Point3.hpp */,
				91FBD7D11BFCDDEB00F41EBE /* CannyFilter.cpp */,
				91FBD7D21BFCDDEB00F41EBE /* CannyFilter.hpp */,
				916406221C04940F0034A09C /* Galif.cpp */,
				916406231C04940F0034A09C /* Galif.hpp */,
			);
			path = inf555;
			sourceTree = "<group>";
		};
/* End PBXGroup section */

/* Begin PBXNativeTarget section */
		6C18F7F91BEA5F08001CDC35 /* inf555 */ = {
			isa = PBXNativeTarget;
			buildConfigurationList = 6C18F8011BEA5F08001CDC35 /* Build configuration list for PBXNativeTarget "inf555" */;
			buildPhases = (
				6C18F7F61BEA5F08001CDC35 /* Sources */,
				6C18F7F71BEA5F08001CDC35 /* Frameworks */,
				6C18F7F81BEA5F08001CDC35 /* CopyFiles */,
			);
			buildRules = (
			);
			dependencies = (
			);
			name = inf555;
			productName = inf555;
			productReference = 6C18F7FA1BEA5F08001CDC35 /* inf555 */;
			productType = "com.apple.product-type.tool";
		};
/* End PBXNativeTarget section */

/* Begin PBXProject section */
		6C18F7F21BEA5F08001CDC35 /* Project object */ = {
			isa = PBXProject;
			attributes = {
				LastUpgradeCheck = 0700;
				ORGANIZATIONNAME = "Basile Camille";
				TargetAttributes = {
					6C18F7F91BEA5F08001CDC35 = {
						CreatedOnToolsVersion = 7.0;
					};
				};
			};
			buildConfigurationList = 6C18F7F51BEA5F08001CDC35 /* Build configuration list for PBXProject "inf555" */;
			compatibilityVersion = "Xcode 3.2";
			developmentRegion = English;
			hasScannedForEncodings = 0;
			knownRegions = (
				en,
			);
			mainGroup = 6C18F7F11BEA5F08001CDC35;
			productRefGroup = 6C18F7FB1BEA5F08001CDC35 /* Products */;
			projectDirPath = "";
			projectRoot = "";
			targets = (
				6C18F7F91BEA5F08001CDC35 /* inf555 */,
			);
		};
/* End PBXProject section */

/* Begin PBXSourcesBuildPhase section */
		6C18F7F61BEA5F08001CDC35 /* Sources */ = {
			isa = PBXSourcesBuildPhase;
			buildActionMask = 2147483647;
			files = (
				91C99E441C079DB00075016B /* Histogram.cpp in Sources */,
				916406241C04940F0034A09C /* Galif.cpp in Sources */,
				6CD88F311C08F61F001489C6 /* HistogramHelper.cpp in Sources */,
				91FBD7CD1BFB8F8700F41EBE /* DistributedViews.cpp in Sources */,
				91FBD7D01BFCBEC700F41EBE /* Point3.cpp in Sources */,
				91FBD7C41BFB7DA600F41EBE /* main.cpp in Sources */,
				91FBD7D31BFCDDEB00F41EBE /* CannyFilter.cpp in Sources */,
			);
			runOnlyForDeploymentPostprocessing = 0;
		};
/* End PBXSourcesBuildPhase section */

/* Begin XCBuildConfiguration section */
		6C18F7FF1BEA5F08001CDC35 /* Debug */ = {
			isa = XCBuildConfiguration;
			buildSettings = {
				ALWAYS_SEARCH_USER_PATHS = NO;
				CLANG_CXX_LANGUAGE_STANDARD = "gnu++0x";
				CLANG_CXX_LIBRARY = "libc++";
				CLANG_ENABLE_MODULES = YES;
				CLANG_ENABLE_OBJC_ARC = YES;
				CLANG_WARN_BOOL_CONVERSION = YES;
				CLANG_WARN_CONSTANT_CONVERSION = YES;
				CLANG_WARN_DIRECT_OBJC_ISA_USAGE = YES_ERROR;
				CLANG_WARN_EMPTY_BODY = YES;
				CLANG_WARN_ENUM_CONVERSION = YES;
				CLANG_WARN_INT_CONVERSION = YES;
				CLANG_WARN_OBJC_ROOT_CLASS = YES_ERROR;
				CLANG_WARN_UNREACHABLE_CODE = YES;
				CLANG_WARN__DUPLICATE_METHOD_MATCH = YES;
				COPY_PHASE_STRIP = NO;
				DEBUG_INFORMATION_FORMAT = dwarf;
				ENABLE_STRICT_OBJC_MSGSEND = YES;
				ENABLE_TESTABILITY = YES;
				GCC_C_LANGUAGE_STANDARD = gnu99;
				GCC_DYNAMIC_NO_PIC = NO;
				GCC_NO_COMMON_BLOCKS = YES;
				GCC_OPTIMIZATION_LEVEL = 0;
				GCC_PREPROCESSOR_DEFINITIONS = (
					"DEBUG=1",
					"$(inherited)",
				);
				GCC_WARN_64_TO_32_BIT_CONVERSION = YES;
				GCC_WARN_ABOUT_RETURN_TYPE = YES_ERROR;
				GCC_WARN_UNDECLARED_SELECTOR = YES;
				GCC_WARN_UNINITIALIZED_AUTOS = YES_AGGRESSIVE;
				GCC_WARN_UNUSED_FUNCTION = YES;
				GCC_WARN_UNUSED_VARIABLE = YES;
				MACOSX_DEPLOYMENT_TARGET = 10.11;
				MTL_ENABLE_DEBUG_INFO = YES;
				ONLY_ACTIVE_ARCH = YES;
				SDKROOT = macosx;
			};
			name = Debug;
		};
		6C18F8001BEA5F08001CDC35 /* Release */ = {
			isa = XCBuildConfiguration;
			buildSettings = {
				ALWAYS_SEARCH_USER_PATHS = NO;
				CLANG_CXX_LANGUAGE_STANDARD = "gnu++0x";
				CLANG_CXX_LIBRARY = "libc++";
				CLANG_ENABLE_MODULES = YES;
				CLANG_ENABLE_OBJC_ARC = YES;
				CLANG_WARN_BOOL_CONVERSION = YES;
				CLANG_WARN_CONSTANT_CONVERSION = YES;
				CLANG_WARN_DIRECT_OBJC_ISA_USAGE = YES_ERROR;
				CLANG_WARN_EMPTY_BODY = YES;
				CLANG_WARN_ENUM_CONVERSION = YES;
				CLANG_WARN_INT_CONVERSION = YES;
				CLANG_WARN_OBJC_ROOT_CLASS = YES_ERROR;
				CLANG_WARN_UNREACHABLE_CODE = YES;
				CLANG_WARN__DUPLICATE_METHOD_MATCH = YES;
				COPY_PHASE_STRIP = NO;
				DEBUG_INFORMATION_FORMAT = "dwarf-with-dsym";
				ENABLE_NS_ASSERTIONS = NO;
				ENABLE_STRICT_OBJC_MSGSEND = YES;
				GCC_C_LANGUAGE_STANDARD = gnu99;
				GCC_NO_COMMON_BLOCKS = YES;
				GCC_WARN_64_TO_32_BIT_CONVERSION = YES;
				GCC_WARN_ABOUT_RETURN_TYPE = YES_ERROR;
				GCC_WARN_UNDECLARED_SELECTOR = YES;
				GCC_WARN_UNINITIALIZED_AUTOS = YES_AGGRESSIVE;
				GCC_WARN_UNUSED_FUNCTION = YES;
				GCC_WARN_UNUSED_VARIABLE = YES;
				MACOSX_DEPLOYMENT_TARGET = 10.11;
				MTL_ENABLE_DEBUG_INFO = NO;
				SDKROOT = macosx;
			};
			name = Release;
		};
		6C18F8021BEA5F08001CDC35 /* Debug */ = {
			isa = XCBuildConfiguration;
			buildSettings = {
				HEADER_SEARCH_PATHS = /usr/local/include;
				LIBRARY_SEARCH_PATHS = /usr/local/lib;
				OTHER_LDFLAGS = (
					"-lopencv_calib3d",
					"-lopencv_core",
					"-lopencv_features2d",
					"-lopencv_flann",
					"-lopencv_highgui",
					"-lopencv_imgcodecs",
					"-lopencv_imgproc",
					"-lopencv_ml",
					"-lopencv_objdetect",
					"-lopencv_photo",
					"-lopencv_shape",
					"-lopencv_stitching",
					"-lopencv_superres",
					"-lopencv_ts",
					"-lopencv_video",
					"-lopencv_videoio",
					"-lopencv_videostab",
				);
				PRODUCT_NAME = "$(TARGET_NAME)";
			};
			name = Debug;
		};
		6C18F8031BEA5F08001CDC35 /* Release */ = {
			isa = XCBuildConfiguration;
			buildSettings = {
				HEADER_SEARCH_PATHS = /usr/local/include;
				LIBRARY_SEARCH_PATHS = /usr/local/lib;
				OTHER_LDFLAGS = (
					"-lopencv_calib3d",
					"-lopencv_core",
					"-lopencv_features2d",
					"-lopencv_flann",
					"-lopencv_highgui",
					"-lopencv_imgcodecs",
					"-lopencv_imgproc",
					"-lopencv_ml",
					"-lopencv_objdetect",
					"-lopencv_photo",
					"-lopencv_shape",
					"-lopencv_stitching",
					"-lopencv_superres",
					"-lopencv_ts",
					"-lopencv_video",
					"-lopencv_videoio",
					"-lopencv_videostab",
				);
				PRODUCT_NAME = "$(TARGET_NAME)";
			};
			name = Release;
		};
/* End XCBuildConfiguration section */

/* Begin XCConfigurationList section */
		6C18F7F51BEA5F08001CDC35 /* Build configuration list for PBXProject "inf555" */ = {
			isa = XCConfigurationList;
			buildConfigurations = (
				6C18F7FF1BEA5F08001CDC35 /* Debug */,
				6C18F8001BEA5F08001CDC35 /* Release */,
			);
			defaultConfigurationIsVisible = 0;
			defaultConfigurationName = Release;
		};
		6C18F8011BEA5F08001CDC35 /* Build configuration list for PBXNativeTarget "inf555" */ = {
			isa = XCConfigurationList;
			buildConfigurations = (
				6C18F8021BEA5F08001CDC35 /* Debug */,
				6C18F8031BEA5F08001CDC35 /* Release */,
			);
			defaultConfigurationIsVisible = 0;
			defaultConfigurationName = Release;
		};
/* End XCConfigurationList section */
	};
	rootObject = 6C18F7F21BEA5F08001CDC35 /* Project object */;
}
